
Microsoft Visual Studio Solution File, Format Version 12.00
# Visual Studio 15
Project("{FAE04EC0-301F-11D3-BF4B-00C04F79EFBC}") = "UnityEngine.UI", "UnityEngine.UI.csproj", "{F6F7EB86-9D14-21E3-1944-5E48F19E9309}"
EndProject
Project("{FAE04EC0-301F-11D3-BF4B-00C04F79EFBC}") = "Assembly-CSharp", "Assembly-CSharp.csproj", "{95BB74CC-6BA7-EBF2-E8B4-5BDD68586A20}"
EndProject
Project("{FAE04EC0-301F-11D3-BF4B-00C04F79EFBC}") = "UnityEditor.UI", "UnityEditor.UI.csproj", "{723FAAF6-8466-37E5-B4ED-BB089058B42D}"
EndProject
Project("{FAE04EC0-301F-11D3-BF4B-00C04F79EFBC}") = "Unity.2D.Sprite.Editor", "Unity.2D.Sprite.Editor.csproj", "{A17757BA-03BA-0CE9-D806-373EBECD1801}"
EndProject
Project("{FAE04EC0-301F-11D3-BF4B-00C04F79EFBC}") = "Unity.2D.Tilemap.Editor", "Unity.2D.Tilemap.Editor.csproj", "{63A24F4A-6C88-B9F6-5A51-A971C47E0A69}"
EndProject
Global
	GlobalSection(SolutionConfigurationPlatforms) = preSolution
		Debug|Any CPU = Debug|Any CPU
		Release|Any CPU = Release|Any CPU
	EndGlobalSection
	GlobalSection(ProjectConfigurationPlatforms) = postSolution
		{F6F7EB86-9D14-21E3-1944-5E48F19E9309}.Debug|Any CPU.ActiveCfg = Debug|Any CPU
		{F6F7EB86-9D14-21E3-1944-5E48F19E9309}.Debug|Any CPU.Build.0 = Debug|Any CPU
		{F6F7EB86-9D14-21E3-1944-5E48F19E9309}.Release|Any CPU.ActiveCfg = Release|Any CPU
		{F6F7EB86-9D14-21E3-1944-5E48F19E9309}.Release|Any CPU.Build.0 = Release|Any CPU
		{95BB74CC-6BA7-EBF2-E8B4-5BDD68586A20}.Debug|Any CPU.ActiveCfg = Debug|Any CPU
		{95BB74CC-6BA7-EBF2-E8B4-5BDD68586A20}.Debug|Any CPU.Build.0 = Debug|Any CPU
		{95BB74CC-6BA7-EBF2-E8B4-5BDD68586A20}.Release|Any CPU.ActiveCfg = Release|Any CPU
		{95BB74CC-6BA7-EBF2-E8B4-5BDD68586A20}.Release|Any CPU.Build.0 = Release|Any CPU
		{723FAAF6-8466-37E5-B4ED-BB089058B42D}.Debug|Any CPU.ActiveCfg = Debug|Any CPU
		{723FAAF6-8466-37E5-B4ED-BB089058B42D}.Debug|Any CPU.Build.0 = Debug|Any CPU
		{723FAAF6-8466-37E5-B4ED-BB089058B42D}.Release|Any CPU.ActiveCfg = Release|Any CPU
		{723FAAF6-8466-37E5-B4ED-BB089058B42D}.Release|Any CPU.Build.0 = Release|Any CPU
		{A17757BA-03BA-0CE9-D806-373EBECD1801}.Debug|Any CPU.ActiveCfg = Debug|Any CPU
		{A17757BA-03BA-0CE9-D806-373EBECD1801}.Debug|Any CPU.Build.0 = Debug|Any CPU
		{A17757BA-03BA-0CE9-D806-373EBECD1801}.Release|Any CPU.ActiveCfg = Release|Any CPU
		{A17757BA-03BA-0CE9-D806-373EBECD1801}.Release|Any CPU.Build.0 = Release|Any CPU
		{63A24F4A-6C88-B9F6-5A51-A971C47E0A69}.Debug|Any CPU.ActiveCfg = Debug|Any CPU
		{63A24F4A-6C88-B9F6-5A51-A971C47E0A69}.Debug|Any CPU.Build.0 = Debug|Any CPU
		{63A24F4A-6C88-B9F6-5A51-A971C47E0A69}.Release|Any CPU.ActiveCfg = Release|Any CPU
		{63A24F4A-6C88-B9F6-5A51-A971C47E0A69}.Release|Any CPU.Build.0 = Release|Any CPU
	EndGlobalSection
	GlobalSection(SolutionProperties) = preSolution
		HideSolutionNode = FALSE
	EndGlobalSection
EndGlobal
